
Microsoft Visual Studio Solution File, Format Version 12.00
# Visual Studio Version 17
VisualStudioVersion = 17.13.35806.99 d17.13
MinimumVisualStudioVersion = 10.0.40219.1
Project("{FAE04EC0-301F-11D3-BF4B-00C04F79EFBC}") = "Net8CoreMVC", "Net8CoreMVC\Net8CoreMVC.csproj", "{EAE46894-0CBA-44EA-B413-7848044D7837}"
EndProject
Global
	GlobalSection(SolutionConfigurationPlatforms) = preSolution
		Debug|Any CPU = Debug|Any CPU
		Release|Any CPU = Release|Any CPU
	EndGlobalSection
	GlobalSection(ProjectConfigurationPlatforms) = postSolution
		{EAE46894-0CBA-44EA-B413-7848044D7837}.Debug|Any CPU.ActiveCfg = Debug|Any CPU
		{EAE46894-0CBA-44EA-B413-7848044D7837}.Debug|Any CPU.Build.0 = Debug|Any CPU
		{EAE46894-0CBA-44EA-B413-7848044D7837}.Release|Any CPU.ActiveCfg = Release|Any CPU
		{EAE46894-0CBA-44EA-B413-7848044D7837}.Release|Any CPU.Build.0 = Release|Any CPU
	EndGlobalSection
	GlobalSection(SolutionProperties) = preSolution
		HideSolutionNode = FALSE
	EndGlobalSection
	GlobalSection(ExtensibilityGlobals) = postSolution
		SolutionGuid = {AD61BD53-8C74-44D3-AD27-C8A83DFDCCF1}
	EndGlobalSection
EndGlobal
